
Microsoft Visual Studio Solution File, Format Version 12.00
# Visual Studio Version 17
VisualStudioVersion = 17.8.34525.116
MinimumVisualStudioVersion = 10.0.40219.1
Project("{9A19103F-16F7-4668-BE54-9A1E7A4F7556}") = "GTS.Application", "GTS.Application\GTS.Application.csproj", "{0F1D0E65-B80A-4A14-90DD-05D8D0EE9449}"
EndProject
Project("{9A19103F-16F7-4668-BE54-9A1E7A4F7556}") = "GTS.Domain", "GTS.Domain\GTS.Domain.csproj", "{95732E6A-91A3-4501-9E49-A993C657583C}"
EndProject
Project("{9A19103F-16F7-4668-BE54-9A1E7A4F7556}") = "GTS.Infrastructure", "GTS.Infrastructure\GTS.Infrastructure.csproj", "{0628113C-5C18-4A54-A6CE-A10DC216DEBA}"
EndProject
Project("{9A19103F-16F7-4668-BE54-9A1E7A4F7556}") = "GTS.Web", "GTS.Web\GTS.Web.csproj", "{0DF06EE2-86CD-449B-A336-434BB86CD99A}"
EndProject
Global
	GlobalSection(SolutionConfigurationPlatforms) = preSolution
		Debug|Any CPU = Debug|Any CPU
		Release|Any CPU = Release|Any CPU
	EndGlobalSection
	GlobalSection(ProjectConfigurationPlatforms) = postSolution
		{0F1D0E65-B80A-4A14-90DD-05D8D0EE9449}.Debug|Any CPU.ActiveCfg = Debug|Any CPU
		{0F1D0E65-B80A-4A14-90DD-05D8D0EE9449}.Debug|Any CPU.Build.0 = Debug|Any CPU
		{0F1D0E65-B80A-4A14-90DD-05D8D0EE9449}.Release|Any CPU.ActiveCfg = Release|Any CPU
		{0F1D0E65-B80A-4A14-90DD-05D8D0EE9449}.Release|Any CPU.Build.0 = Release|Any CPU
		{95732E6A-91A3-4501-9E49-A993C657583C}.Debug|Any CPU.ActiveCfg = Debug|Any CPU
		{95732E6A-91A3-4501-9E49-A993C657583C}.Debug|Any CPU.Build.0 = Debug|Any CPU
		{95732E6A-91A3-4501-9E49-A993C657583C}.Release|Any CPU.ActiveCfg = Release|Any CPU
		{95732E6A-91A3-4501-9E49-A993C657583C}.Release|Any CPU.Build.0 = Release|Any CPU
		{0628113C-5C18-4A54-A6CE-A10DC216DEBA}.Debug|Any CPU.ActiveCfg = Debug|Any CPU
		{0628113C-5C18-4A54-A6CE-A10DC216DEBA}.Debug|Any CPU.Build.0 = Debug|Any CPU
		{0628113C-5C18-4A54-A6CE-A10DC216DEBA}.Release|Any CPU.ActiveCfg = Release|Any CPU
		{0628113C-5C18-4A54-A6CE-A10DC216DEBA}.Release|Any CPU.Build.0 = Release|Any CPU
		{0DF06EE2-86CD-449B-A336-434BB86CD99A}.Debug|Any CPU.ActiveCfg = Debug|Any CPU
		{0DF06EE2-86CD-449B-A336-434BB86CD99A}.Debug|Any CPU.Build.0 = Debug|Any CPU
		{0DF06EE2-86CD-449B-A336-434BB86CD99A}.Release|Any CPU.ActiveCfg = Release|Any CPU
		{0DF06EE2-86CD-449B-A336-434BB86CD99A}.Release|Any CPU.Build.0 = Release|Any CPU
	EndGlobalSection
	GlobalSection(SolutionProperties) = preSolution
		HideSolutionNode = FALSE
	EndGlobalSection
	GlobalSection(ExtensibilityGlobals) = postSolution
		SolutionGuid = {2DC385EE-3761-49C4-A1C9-25CDF82A01EA}
	EndGlobalSection
EndGlobal
